// !$*UTF8*$!
{
	archiveVersion = 1;
	classes = {
	};
	objectVersion = 46;
	objects = {

/* Begin PBXBuildFile section */
		922B14621C416AE3004DE991 /* DisplayViewController.swift in Sources */ = {isa = PBXBuildFile; fileRef = 922B14611C416AE3004DE991 /* DisplayViewController.swift */; };
		929C56111C27C7BB000D1CEA /* FileTVCell.swift in Sources */ = {isa = PBXBuildFile; fileRef = 929C56101C27C7BB000D1CEA /* FileTVCell.swift */; };
		92BADC331C208A3F001EB5FD /* AppDelegate.swift in Sources */ = {isa = PBXBuildFile; fileRef = 92BADC321C208A3F001EB5FD /* AppDelegate.swift */; };
		92BADC381C208A3F001EB5FD /* Main.storyboard in Resources */ = {isa = PBXBuildFile; fileRef = 92BADC361C208A3F001EB5FD /* Main.storyboard */; };
		92BADC3D1C208A3F001EB5FD /* Assets.xcassets in Resources */ = {isa = PBXBuildFile; fileRef = 92BADC3C1C208A3F001EB5FD /* Assets.xcassets */; };
		92BADC401C208A3F001EB5FD /* LaunchScreen.storyboard in Resources */ = {isa = PBXBuildFile; fileRef = 92BADC3E1C208A3F001EB5FD /* LaunchScreen.storyboard */; };
		92BADC481C208B0A001EB5FD /* FolderTVController.swift in Sources */ = {isa = PBXBuildFile; fileRef = 92BADC471C208B0A001EB5FD /* FolderTVController.swift */; };
		92BADC4A1C21EBAC001EB5FD /* FileTVController.swift in Sources */ = {isa = PBXBuildFile; fileRef = 92BADC491C21EBAC001EB5FD /* FileTVController.swift */; };
		92D6038B1C7942BB005586A8 /* Files+CoreDataProperties.swift in Sources */ = {isa = PBXBuildFile; fileRef = 92D603871C7942BB005586A8 /* Files+CoreDataProperties.swift */; };
		92D6038C1C7942BB005586A8 /* Files.swift in Sources */ = {isa = PBXBuildFile; fileRef = 92D603881C7942BB005586A8 /* Files.swift */; };
		92D6038D1C7942BB005586A8 /* Folders+CoreDataProperties.swift in Sources */ = {isa = PBXBuildFile; fileRef = 92D603891C7942BB005586A8 /* Folders+CoreDataProperties.swift */; };
		92D6038E1C7942BB005586A8 /* Folders.swift in Sources */ = {isa = PBXBuildFile; fileRef = 92D6038A1C7942BB005586A8 /* Folders.swift */; };
		92D785CD1C6318A300825673 /* FolderTVCell.swift in Sources */ = {isa = PBXBuildFile; fileRef = 92D785CC1C6318A200825673 /* FolderTVCell.swift */; };
		92FD74E01C2261210064B4E2 /* PhoneJunk.xcdatamodeld in Sources */ = {isa = PBXBuildFile; fileRef = 92FD74DE1C2261210064B4E2 /* PhoneJunk.xcdatamodeld */; };
		92FD75191C238E680064B4E2 /* NewFolderViewController.swift in Sources */ = {isa = PBXBuildFile; fileRef = 92FD75181C238E680064B4E2 /* NewFolderViewController.swift */; };
		92FD751B1C23A3D90064B4E2 /* BaseClasses.swift in Sources */ = {isa = PBXBuildFile; fileRef = 92FD751A1C23A3D90064B4E2 /* BaseClasses.swift */; };
		92FD751D1C2446EA0064B4E2 /* helper.swift in Sources */ = {isa = PBXBuildFile; fileRef = 92FD751C1C2446EA0064B4E2 /* helper.swift */; };
		92FD751F1C2447B00064B4E2 /* settings.swift in Sources */ = {isa = PBXBuildFile; fileRef = 92FD751E1C2447B00064B4E2 /* settings.swift */; };
		92FD75231C244B5F0064B4E2 /* NewFileViewController.swift in Sources */ = {isa = PBXBuildFile; fileRef = 92FD75221C244B5F0064B4E2 /* NewFileViewController.swift */; };
/* End PBXBuildFile section */

/* Begin PBXFileReference section */
		922B14611C416AE3004DE991 /* DisplayViewController.swift */ = {isa = PBXFileReference; fileEncoding = 4; lastKnownFileType = sourcecode.swift; path = DisplayViewController.swift; sourceTree = "<group>"; };
		929C56101C27C7BB000D1CEA /* FileTVCell.swift */ = {isa = PBXFileReference; fileEncoding = 4; lastKnownFileType = sourcecode.swift; path = FileTVCell.swift; sourceTree = "<group>"; };
		92BADC2F1C208A3F001EB5FD /* PhoneJunk.app */ = {isa = PBXFileReference; explicitFileType = wrapper.application; includeInIndex = 0; path = PhoneJunk.app; sourceTree = BUILT_PRODUCTS_DIR; };
		92BADC321C208A3F001EB5FD /* AppDelegate.swift */ = {isa = PBXFileReference; lastKnownFileType = sourcecode.swift; path = AppDelegate.swift; sourceTree = "<group>"; };
		92BADC371C208A3F001EB5FD /* Base */ = {isa = PBXFileReference; lastKnownFileType = file.storyboard; name = Base; path = Base.lproj/Main.storyboard; sourceTree = "<group>"; };
		92BADC3C1C208A3F001EB5FD /* Assets.xcassets */ = {isa = PBXFileReference; lastKnownFileType = folder.assetcatalog; path = Assets.xcassets; sourceTree = "<group>"; };
		92BADC3F1C208A3F001EB5FD /* Base */ = {isa = PBXFileReference; lastKnownFileType = file.storyboard; name = Base; path = Base.lproj/LaunchScreen.storyboard; sourceTree = "<group>"; };
		92BADC411C208A3F001EB5FD /* Info.plist */ = {isa = PBXFileReference; lastKnownFileType = text.plist.xml; path = Info.plist; sourceTree = "<group>"; };
		92BADC471C208B0A001EB5FD /* FolderTVController.swift */ = {isa = PBXFileReference; fileEncoding = 4; lastKnownFileType = sourcecode.swift; path = FolderTVController.swift; sourceTree = "<group>"; };
		92BADC491C21EBAC001EB5FD /* FileTVController.swift */ = {isa = PBXFileReference; fileEncoding = 4; lastKnownFileType = sourcecode.swift; path = FileTVController.swift; sourceTree = "<group>"; };
		92D603871C7942BB005586A8 /* Files+CoreDataProperties.swift */ = {isa = PBXFileReference; fileEncoding = 4; lastKnownFileType = sourcecode.swift; name = "Files+CoreDataProperties.swift"; path = "PhoneJunk/Files+CoreDataProperties.swift"; sourceTree = "<group>"; };
		92D603881C7942BB005586A8 /* Files.swift */ = {isa = PBXFileReference; fileEncoding = 4; lastKnownFileType = sourcecode.swift; path = Files.swift; sourceTree = "<group>"; };
		92D603891C7942BB005586A8 /* Folders+CoreDataProperties.swift */ = {isa = PBXFileReference; fileEncoding = 4; lastKnownFileType = sourcecode.swift; name = "Folders+CoreDataProperties.swift"; path = "PhoneJunk/Folders+CoreDataProperties.swift"; sourceTree = "<group>"; };
		92D6038A1C7942BB005586A8 /* Folders.swift */ = {isa = PBXFileReference; fileEncoding = 4; lastKnownFileType = sourcecode.swift; path = Folders.swift; sourceTree = "<group>"; };
		92D785CC1C6318A200825673 /* FolderTVCell.swift */ = {isa = PBXFileReference; fileEncoding = 4; lastKnownFileType = sourcecode.swift; path = FolderTVCell.swift; sourceTree = "<group>"; };
		92FD74DF1C2261210064B4E2 /* PhoneJunk.xcdatamodel */ = {isa = PBXFileReference; lastKnownFileType = wrapper.xcdatamodel; path = PhoneJunk.xcdatamodel; sourceTree = "<group>"; };
		92FD74E11C2325B90064B4E2 /* PhoneJunk-Bridging-Header.h */ = {isa = PBXFileReference; lastKnownFileType = sourcecode.c.h; path = "PhoneJunk-Bridging-Header.h"; sourceTree = "<group>"; };
		92FD75181C238E680064B4E2 /* NewFolderViewController.swift */ = {isa = PBXFileReference; fileEncoding = 4; lastKnownFileType = sourcecode.swift; path = NewFolderViewController.swift; sourceTree = "<group>"; };
		92FD751A1C23A3D90064B4E2 /* BaseClasses.swift */ = {isa = PBXFileReference; fileEncoding = 4; lastKnownFileType = sourcecode.swift; path = BaseClasses.swift; sourceTree = "<group>"; };
		92FD751C1C2446EA0064B4E2 /* helper.swift */ = {isa = PBXFileReference; fileEncoding = 4; lastKnownFileType = sourcecode.swift; path = helper.swift; sourceTree = "<group>"; };
		92FD751E1C2447B00064B4E2 /* settings.swift */ = {isa = PBXFileReference; fileEncoding = 4; lastKnownFileType = sourcecode.swift; path = settings.swift; sourceTree = "<group>"; };
		92FD75221C244B5F0064B4E2 /* NewFileViewController.swift */ = {isa = PBXFileReference; fileEncoding = 4; lastKnownFileType = sourcecode.swift; path = NewFileViewController.swift; sourceTree = "<group>"; };
/* End PBXFileReference section */

/* Begin PBXFrameworksBuildPhase section */
		92BADC2C1C208A3F001EB5FD /* Frameworks */ = {
			isa = PBXFrameworksBuildPhase;
			buildActionMask = 2147483647;
			files = (
			);
			runOnlyForDeploymentPostprocessing = 0;
		};
/* End PBXFrameworksBuildPhase section */

/* Begin PBXGroup section */
		92BADC261C208A3F001EB5FD = {
			isa = PBXGroup;
			children = (
				92D603871C7942BB005586A8 /* Files+CoreDataProperties.swift */,
				92D603891C7942BB005586A8 /* Folders+CoreDataProperties.swift */,
				92BADC311C208A3F001EB5FD /* PhoneJunk */,
				92BADC301C208A3F001EB5FD /* Products */,
				92FD74E11C2325B90064B4E2 /* PhoneJunk-Bridging-Header.h */,
			);
			sourceTree = "<group>";
		};
		92BADC301C208A3F001EB5FD /* Products */ = {
			isa = PBXGroup;
			children = (
				92BADC2F1C208A3F001EB5FD /* PhoneJunk.app */,
			);
			name = Products;
			sourceTree = "<group>";
		};
		92BADC311C208A3F001EB5FD /* PhoneJunk */ = {
			isa = PBXGroup;
			children = (
				92BADC321C208A3F001EB5FD /* AppDelegate.swift */,
				92FD751C1C2446EA0064B4E2 /* helper.swift */,
				92FD751E1C2447B00064B4E2 /* settings.swift */,
				92FD751A1C23A3D90064B4E2 /* BaseClasses.swift */,
				92BADC471C208B0A001EB5FD /* FolderTVController.swift */,
				92BADC491C21EBAC001EB5FD /* FileTVController.swift */,
				92FD75181C238E680064B4E2 /* NewFolderViewController.swift */,
				92FD75221C244B5F0064B4E2 /* NewFileViewController.swift */,
				922B14611C416AE3004DE991 /* DisplayViewController.swift */,
				929C56101C27C7BB000D1CEA /* FileTVCell.swift */,
				92D785CC1C6318A200825673 /* FolderTVCell.swift */,
				92D603881C7942BB005586A8 /* Files.swift */,
				92D6038A1C7942BB005586A8 /* Folders.swift */,
				92BADC361C208A3F001EB5FD /* Main.storyboard */,
				92BADC3E1C208A3F001EB5FD /* LaunchScreen.storyboard */,
				92BADC3C1C208A3F001EB5FD /* Assets.xcassets */,
				92FD74DE1C2261210064B4E2 /* PhoneJunk.xcdatamodeld */,
				92BADC411C208A3F001EB5FD /* Info.plist */,
			);
			path = PhoneJunk;
			sourceTree = "<group>";
		};
/* End PBXGroup section */

/* Begin PBXNativeTarget section */
		92BADC2E1C208A3F001EB5FD /* PhoneJunk */ = {
			isa = PBXNativeTarget;
			buildConfigurationList = 92BADC441C208A3F001EB5FD /* Build configuration list for PBXNativeTarget "PhoneJunk" */;
			buildPhases = (
				92BADC2B1C208A3F001EB5FD /* Sources */,
				92BADC2C1C208A3F001EB5FD /* Frameworks */,
				92BADC2D1C208A3F001EB5FD /* Resources */,
			);
			buildRules = (
			);
			dependencies = (
			);
			name = PhoneJunk;
			productName = PhoneJunk;
			productReference = 92BADC2F1C208A3F001EB5FD /* PhoneJunk.app */;
			productType = "com.apple.product-type.application";
		};
/* End PBXNativeTarget section */

/* Begin PBXProject section */
		92BADC271C208A3F001EB5FD /* Project object */ = {
			isa = PBXProject;
			attributes = {
				LastSwiftUpdateCheck = 0720;
				LastUpgradeCheck = 0720;
				ORGANIZATIONNAME = Tohism;
				TargetAttributes = {
					92BADC2E1C208A3F001EB5FD = {
						CreatedOnToolsVersion = 7.2;
						DevelopmentTeam = 9H698Z84GX;
					};
				};
			};
			buildConfigurationList = 92BADC2A1C208A3F001EB5FD /* Build configuration list for PBXProject "PhoneJunk" */;
			compatibilityVersion = "Xcode 3.2";
			developmentRegion = English;
			hasScannedForEncodings = 0;
			knownRegions = (
				en,
				Base,
			);
			mainGroup = 92BADC261C208A3F001EB5FD;
			productRefGroup = 92BADC301C208A3F001EB5FD /* Products */;
			projectDirPath = "";
			projectRoot = "";
			targets = (
				92BADC2E1C208A3F001EB5FD /* PhoneJunk */,
			);
		};
/* End PBXProject section */

/* Begin PBXResourcesBuildPhase section */
		92BADC2D1C208A3F001EB5FD /* Resources */ = {
			isa = PBXResourcesBuildPhase;
			buildActionMask = 2147483647;
			files = (
				92BADC401C208A3F001EB5FD /* LaunchScreen.storyboard in Resources */,
				92BADC3D1C208A3F001EB5FD /* Assets.xcassets in Resources */,
				92BADC381C208A3F001EB5FD /* Main.storyboard in Resources */,
			);
			runOnlyForDeploymentPostprocessing = 0;
		};
/* End PBXResourcesBuildPhase section */

/* Begin PBXSourcesBuildPhase section */
		92BADC2B1C208A3F001EB5FD /* Sources */ = {
			isa = PBXSourcesBuildPhase;
			buildActionMask = 2147483647;
			files = (
				92FD74E01C2261210064B4E2 /* PhoneJunk.xcdatamodeld in Sources */,
				92D6038D1C7942BB005586A8 /* Folders+CoreDataProperties.swift in Sources */,
				92BADC331C208A3F001EB5FD /* AppDelegate.swift in Sources */,
				92FD751F1C2447B00064B4E2 /* settings.swift in Sources */,
				92D785CD1C6318A300825673 /* FolderTVCell.swift in Sources */,
				92BADC481C208B0A001EB5FD /* FolderTVController.swift in Sources */,
				92FD751B1C23A3D90064B4E2 /* BaseClasses.swift in Sources */,
				92D6038E1C7942BB005586A8 /* Folders.swift in Sources */,
				929C56111C27C7BB000D1CEA /* FileTVCell.swift in Sources */,
				92FD75231C244B5F0064B4E2 /* NewFileViewController.swift in Sources */,
				92FD75191C238E680064B4E2 /* NewFolderViewController.swift in Sources */,
				92D6038C1C7942BB005586A8 /* Files.swift in Sources */,
				92D6038B1C7942BB005586A8 /* Files+CoreDataProperties.swift in Sources */,
				92BADC4A1C21EBAC001EB5FD /* FileTVController.swift in Sources */,
				922B14621C416AE3004DE991 /* DisplayViewController.swift in Sources */,
				92FD751D1C2446EA0064B4E2 /* helper.swift in Sources */,
			);
			runOnlyForDeploymentPostprocessing = 0;
		};
/* End PBXSourcesBuildPhase section */

/* Begin PBXVariantGroup section */
		92BADC361C208A3F001EB5FD /* Main.storyboard */ = {
			isa = PBXVariantGroup;
			children = (
				92BADC371C208A3F001EB5FD /* Base */,
			);
			name = Main.storyboard;
			sourceTree = "<group>";
		};
		92BADC3E1C208A3F001EB5FD /* LaunchScreen.storyboard */ = {
			isa = PBXVariantGroup;
			children = (
				92BADC3F1C208A3F001EB5FD /* Base */,
			);
			name = LaunchScreen.storyboard;
			sourceTree = "<group>";
		};
/* End PBXVariantGroup section */

/* Begin XCBuildConfiguration section */
		92BADC421C208A3F001EB5FD /* Debug */ = {
			isa = XCBuildConfiguration;
			buildSettings = {
				ALWAYS_SEARCH_USER_PATHS = NO;
				CLANG_CXX_LANGUAGE_STANDARD = "gnu++0x";
				CLANG_CXX_LIBRARY = "libc++";
				CLANG_ENABLE_MODULES = YES;
				CLANG_ENABLE_OBJC_ARC = YES;
				CLANG_WARN_BOOL_CONVERSION = YES;
				CLANG_WARN_CONSTANT_CONVERSION = YES;
				CLANG_WARN_DIRECT_OBJC_ISA_USAGE = YES_ERROR;
				CLANG_WARN_EMPTY_BODY = YES;
				CLANG_WARN_ENUM_CONVERSION = YES;
				CLANG_WARN_INT_CONVERSION = YES;
				CLANG_WARN_OBJC_ROOT_CLASS = YES_ERROR;
				CLANG_WARN_UNREACHABLE_CODE = YES;
				CLANG_WARN__DUPLICATE_METHOD_MATCH = YES;
				"CODE_SIGN_IDENTITY[sdk=iphoneos*]" = "iPhone Developer";
				COPY_PHASE_STRIP = NO;
				DEBUG_INFORMATION_FORMAT = dwarf;
				ENABLE_STRICT_OBJC_MSGSEND = YES;
				ENABLE_TESTABILITY = YES;
				GCC_C_LANGUAGE_STANDARD = gnu99;
				GCC_DYNAMIC_NO_PIC = NO;
				GCC_NO_COMMON_BLOCKS = YES;
				GCC_OPTIMIZATION_LEVEL = 0;
				GCC_PREPROCESSOR_DEFINITIONS = (
					"DEBUG=1",
					"$(inherited)",
				);
				GCC_WARN_64_TO_32_BIT_CONVERSION = YES;
				GCC_WARN_ABOUT_RETURN_TYPE = YES_ERROR;
				GCC_WARN_UNDECLARED_SELECTOR = YES;
				GCC_WARN_UNINITIALIZED_AUTOS = YES_AGGRESSIVE;
				GCC_WARN_UNUSED_FUNCTION = YES;
				GCC_WARN_UNUSED_VARIABLE = YES;
				IPHONEOS_DEPLOYMENT_TARGET = 9.2;
				MTL_ENABLE_DEBUG_INFO = YES;
				ONLY_ACTIVE_ARCH = YES;
				SDKROOT = iphoneos;
				SWIFT_OPTIMIZATION_LEVEL = "-Onone";
			};
			name = Debug;
		};
		92BADC431C208A3F001EB5FD /* Release */ = {
			isa = XCBuildConfiguration;
			buildSettings = {
				ALWAYS_SEARCH_USER_PATHS = NO;
				CLANG_CXX_LANGUAGE_STANDARD = "gnu++0x";
				CLANG_CXX_LIBRARY = "libc++";
				CLANG_ENABLE_MODULES = YES;
				CLANG_ENABLE_OBJC_ARC = YES;
				CLANG_WARN_BOOL_CONVERSION = YES;
				CLANG_WARN_CONSTANT_CONVERSION = YES;
				CLANG_WARN_DIRECT_OBJC_ISA_USAGE = YES_ERROR;
				CLANG_WARN_EMPTY_BODY = YES;
				CLANG_WARN_ENUM_CONVERSION = YES;
				CLANG_WARN_INT_CONVERSION = YES;
				CLANG_WARN_OBJC_ROOT_CLASS = YES_ERROR;
				CLANG_WARN_UNREACHABLE_CODE = YES;
				CLANG_WARN__DUPLICATE_METHOD_MATCH = YES;
				"CODE_SIGN_IDENTITY[sdk=iphoneos*]" = "iPhone Developer";
				COPY_PHASE_STRIP = NO;
				DEBUG_INFORMATION_FORMAT = "dwarf-with-dsym";
				ENABLE_NS_ASSERTIONS = NO;
				ENABLE_STRICT_OBJC_MSGSEND = YES;
				GCC_C_LANGUAGE_STANDARD = gnu99;
				GCC_NO_COMMON_BLOCKS = YES;
				GCC_WARN_64_TO_32_BIT_CONVERSION = YES;
				GCC_WARN_ABOUT_RETURN_TYPE = YES_ERROR;
				GCC_WARN_UNDECLARED_SELECTOR = YES;
				GCC_WARN_UNINITIALIZED_AUTOS = YES_AGGRESSIVE;
				GCC_WARN_UNUSED_FUNCTION = YES;
				GCC_WARN_UNUSED_VARIABLE = YES;
				IPHONEOS_DEPLOYMENT_TARGET = 9.2;
				MTL_ENABLE_DEBUG_INFO = NO;
				SDKROOT = iphoneos;
				VALIDATE_PRODUCT = YES;
			};
			name = Release;
		};
		92BADC451C208A3F001EB5FD /* Debug */ = {
			isa = XCBuildConfiguration;
			buildSettings = {
				ASSETCATALOG_COMPILER_APPICON_NAME = AppIcon;
				CLANG_ENABLE_MODULES = YES;
				CODE_SIGN_IDENTITY = "iPhone Developer";
				"CODE_SIGN_IDENTITY[sdk=iphoneos*]" = "iPhone Developer";
				INFOPLIST_FILE = PhoneJunk/Info.plist;
				LD_RUNPATH_SEARCH_PATHS = "$(inherited) @executable_path/Frameworks";
				PRODUCT_BUNDLE_IDENTIFIER = com.tohism.PhoneJunk;
				PRODUCT_NAME = "$(TARGET_NAME)";
				PROVISIONING_PROFILE = "";
				SWIFT_OBJC_BRIDGING_HEADER = "PhoneJunk-Bridging-Header.h";
				SWIFT_OPTIMIZATION_LEVEL = "-Onone";
			};
			name = Debug;
		};
		92BADC461C208A3F001EB5FD /* Release */ = {
			isa = XCBuildConfiguration;
			buildSettings = {
				ASSETCATALOG_COMPILER_APPICON_NAME = AppIcon;
				CLANG_ENABLE_MODULES = YES;
				CODE_SIGN_IDENTITY = "iPhone Developer";
				"CODE_SIGN_IDENTITY[sdk=iphoneos*]" = "iPhone Developer";
				INFOPLIST_FILE = PhoneJunk/Info.plist;
				LD_RUNPATH_SEARCH_PATHS = "$(inherited) @executable_path/Frameworks";
				PRODUCT_BUNDLE_IDENTIFIER = com.tohism.PhoneJunk;
				PRODUCT_NAME = "$(TARGET_NAME)";
				PROVISIONING_PROFILE = "";
				SWIFT_OBJC_BRIDGING_HEADER = "PhoneJunk-Bridging-Header.h";
			};
			name = Release;
		};
/* End XCBuildConfiguration section */

/* Begin XCConfigurationList section */
		92BADC2A1C208A3F001EB5FD /* Build configuration list for PBXProject "PhoneJunk" */ = {
			isa = XCConfigurationList;
			buildConfigurations = (
				92BADC421C208A3F001EB5FD /* Debug */,
				92BADC431C208A3F001EB5FD /* Release */,
			);
			defaultConfigurationIsVisible = 0;
			defaultConfigurationName = Release;
		};
		92BADC441C208A3F001EB5FD /* Build configuration list for PBXNativeTarget "PhoneJunk" */ = {
			isa = XCConfigurationList;
			buildConfigurations = (
				92BADC451C208A3F001EB5FD /* Debug */,
				92BADC461C208A3F001EB5FD /* Release */,
			);
			defaultConfigurationIsVisible = 0;
			defaultConfigurationName = Release;
		};
/* End XCConfigurationList section */

/* Begin XCVersionGroup section */
		92FD74DE1C2261210064B4E2 /* PhoneJunk.xcdatamodeld */ = {
			isa = XCVersionGroup;
			children = (
				92FD74DF1C2261210064B4E2 /* PhoneJunk.xcdatamodel */,
			);
			currentVersion = 92FD74DF1C2261210064B4E2 /* PhoneJunk.xcdatamodel */;
			path = PhoneJunk.xcdatamodeld;
			sourceTree = "<group>";
			versionGroupType = wrapper.xcdatamodel;
		};
/* End XCVersionGroup section */
	};
	rootObject = 92BADC271C208A3F001EB5FD /* Project object */;
}
